
Microsoft Visual Studio Solution File, Format Version 12.00
# Visual Studio Version 17
VisualStudioVersion = 17.3.32929.385
MinimumVisualStudioVersion = 10.0.40219.1
Project("{9A19103F-16F7-4668-BE54-9A1E7A4F7556}") = "NoteAPI", "NoteAPI\NoteAPI.csproj", "{10EA4FBD-0B3A-486F-B516-FD171DC601BB}"
EndProject
Project("{9A19103F-16F7-4668-BE54-9A1E7A4F7556}") = "FolderAPI", "FolderAPI\FolderAPI.csproj", "{BE47F3C0-89C0-480B-8809-9DB44DD51C2E}"
EndProject
Project("{FAE04EC0-301F-11D3-BF4B-00C04F79EFBC}") = "DataLayer", "DataLayer\DataLayer.csproj", "{598FCB09-20E6-4E67-8D8B-ADBB79B9A19D}"
EndProject
Global
	GlobalSection(SolutionConfigurationPlatforms) = preSolution
		Debug|Any CPU = Debug|Any CPU
		Release|Any CPU = Release|Any CPU
	EndGlobalSection
	GlobalSection(ProjectConfigurationPlatforms) = postSolution
		{10EA4FBD-0B3A-486F-B516-FD171DC601BB}.Debug|Any CPU.ActiveCfg = Debug|Any CPU
		{10EA4FBD-0B3A-486F-B516-FD171DC601BB}.Debug|Any CPU.Build.0 = Debug|Any CPU
		{10EA4FBD-0B3A-486F-B516-FD171DC601BB}.Release|Any CPU.ActiveCfg = Release|Any CPU
		{10EA4FBD-0B3A-486F-B516-FD171DC601BB}.Release|Any CPU.Build.0 = Release|Any CPU
		{BE47F3C0-89C0-480B-8809-9DB44DD51C2E}.Debug|Any CPU.ActiveCfg = Debug|Any CPU
		{BE47F3C0-89C0-480B-8809-9DB44DD51C2E}.Debug|Any CPU.Build.0 = Debug|Any CPU
		{BE47F3C0-89C0-480B-8809-9DB44DD51C2E}.Release|Any CPU.ActiveCfg = Release|Any CPU
		{BE47F3C0-89C0-480B-8809-9DB44DD51C2E}.Release|Any CPU.Build.0 = Release|Any CPU
		{598FCB09-20E6-4E67-8D8B-ADBB79B9A19D}.Debug|Any CPU.ActiveCfg = Debug|Any CPU
		{598FCB09-20E6-4E67-8D8B-ADBB79B9A19D}.Debug|Any CPU.Build.0 = Debug|Any CPU
		{598FCB09-20E6-4E67-8D8B-ADBB79B9A19D}.Release|Any CPU.ActiveCfg = Release|Any CPU
		{598FCB09-20E6-4E67-8D8B-ADBB79B9A19D}.Release|Any CPU.Build.0 = Release|Any CPU
	EndGlobalSection
	GlobalSection(SolutionProperties) = preSolution
		HideSolutionNode = FALSE
	EndGlobalSection
	GlobalSection(ExtensibilityGlobals) = postSolution
		SolutionGuid = {4A66CD1F-B1A7-47C1-A6AA-5AECC5E29BB0}
	EndGlobalSection
EndGlobal
